
Microsoft Visual Studio Solution File, Format Version 12.00
# Visual Studio Version 17
VisualStudioVersion = 17.10.35004.147
MinimumVisualStudioVersion = 10.0.40219.1
Project("{FAE04EC0-301F-11D3-BF4B-00C04F79EFBC}") = "hw_06_06_2024", "hw_06_06_2024\hw_06_06_2024.csproj", "{F3AEE44E-C91E-4702-9502-741479A9B969}"
EndProject
Global
	GlobalSection(SolutionConfigurationPlatforms) = preSolution
		Debug|Any CPU = Debug|Any CPU
		Release|Any CPU = Release|Any CPU
	EndGlobalSection
	GlobalSection(ProjectConfigurationPlatforms) = postSolution
		{F3AEE44E-C91E-4702-9502-741479A9B969}.Debug|Any CPU.ActiveCfg = Debug|Any CPU
		{F3AEE44E-C91E-4702-9502-741479A9B969}.Debug|Any CPU.Build.0 = Debug|Any CPU
		{F3AEE44E-C91E-4702-9502-741479A9B969}.Release|Any CPU.ActiveCfg = Release|Any CPU
		{F3AEE44E-C91E-4702-9502-741479A9B969}.Release|Any CPU.Build.0 = Release|Any CPU
	EndGlobalSection
	GlobalSection(SolutionProperties) = preSolution
		HideSolutionNode = FALSE
	EndGlobalSection
	GlobalSection(ExtensibilityGlobals) = postSolution
		SolutionGuid = {13AB1BE0-031B-4A93-A922-7AC7EA2765F5}
	EndGlobalSection
EndGlobal
